
Microsoft Visual Studio Solution File, Format Version 9.00
# Visual Studio 2005
Project("{8BC9CEB8-8B4A-11D0-8D11-00A0C91BC942}") = "smtp_sender", "smtp_sender.vcproj", "{D3B18468-E5F8-4CDC-8535-75F9AE78C69D}"
EndProject
Global
	GlobalSection(SolutionConfigurationPlatforms) = preSolution
		Debug|Win32 = Debug|Win32
		Release|Win32 = Release|Win32
	EndGlobalSection
	GlobalSection(ProjectConfigurationPlatforms) = postSolution
		{D3B18468-E5F8-4CDC-8535-75F9AE78C69D}.Debug|Win32.ActiveCfg = Debug|Win32
		{D3B18468-E5F8-4CDC-8535-75F9AE78C69D}.Debug|Win32.Build.0 = Debug|Win32
		{D3B18468-E5F8-4CDC-8535-75F9AE78C69D}.Release|Win32.ActiveCfg = Release|Win32
		{D3B18468-E5F8-4CDC-8535-75F9AE78C69D}.Release|Win32.Build.0 = Release|Win32
	EndGlobalSection
	GlobalSection(SolutionProperties) = preSolution
		HideSolutionNode = FALSE
	EndGlobalSection
EndGlobal
